
Microsoft Visual Studio Solution File, Format Version 12.00
# Visual Studio Version 17
VisualStudioVersion = 17.8.34330.188
MinimumVisualStudioVersion = 10.0.40219.1
Project("{FAE04EC0-301F-11D3-BF4B-00C04F79EFBC}") = "proje", "proje\proje.csproj", "{C1ECC67A-B611-45CE-A9B3-28907CC2EE7A}"
EndProject
Global
	GlobalSection(SolutionConfigurationPlatforms) = preSolution
		Debug|Any CPU = Debug|Any CPU
		Release|Any CPU = Release|Any CPU
	EndGlobalSection
	GlobalSection(ProjectConfigurationPlatforms) = postSolution
		{C1ECC67A-B611-45CE-A9B3-28907CC2EE7A}.Debug|Any CPU.ActiveCfg = Debug|Any CPU
		{C1ECC67A-B611-45CE-A9B3-28907CC2EE7A}.Debug|Any CPU.Build.0 = Debug|Any CPU
		{C1ECC67A-B611-45CE-A9B3-28907CC2EE7A}.Release|Any CPU.ActiveCfg = Release|Any CPU
		{C1ECC67A-B611-45CE-A9B3-28907CC2EE7A}.Release|Any CPU.Build.0 = Release|Any CPU
	EndGlobalSection
	GlobalSection(SolutionProperties) = preSolution
		HideSolutionNode = FALSE
	EndGlobalSection
	GlobalSection(ExtensibilityGlobals) = postSolution
		SolutionGuid = {83A75EE7-E4D1-4189-95E6-DA3D63D1136B}
	EndGlobalSection
EndGlobal
